
Microsoft Visual Studio Solution File, Format Version 12.00
# Visual Studio Version 17
VisualStudioVersion = 17.7.34221.43
MinimumVisualStudioVersion = 10.0.40219.1
Project("{FAE04EC0-301F-11D3-BF4B-00C04F79EFBC}") = "SalesWebMvc", "SalesWebMvc\SalesWebMvc.csproj", "{C7453A78-9D47-481F-AB3F-E279DA1A869E}"
EndProject
Global
	GlobalSection(SolutionConfigurationPlatforms) = preSolution
		Debug|Any CPU = Debug|Any CPU
		Release|Any CPU = Release|Any CPU
	EndGlobalSection
	GlobalSection(ProjectConfigurationPlatforms) = postSolution
		{C7453A78-9D47-481F-AB3F-E279DA1A869E}.Debug|Any CPU.ActiveCfg = Debug|Any CPU
		{C7453A78-9D47-481F-AB3F-E279DA1A869E}.Debug|Any CPU.Build.0 = Debug|Any CPU
		{C7453A78-9D47-481F-AB3F-E279DA1A869E}.Release|Any CPU.ActiveCfg = Release|Any CPU
		{C7453A78-9D47-481F-AB3F-E279DA1A869E}.Release|Any CPU.Build.0 = Release|Any CPU
	EndGlobalSection
	GlobalSection(SolutionProperties) = preSolution
		HideSolutionNode = FALSE
	EndGlobalSection
	GlobalSection(ExtensibilityGlobals) = postSolution
		SolutionGuid = {98BF216C-6254-4BAB-AD82-0357090D9766}
	EndGlobalSection
EndGlobal
